
Microsoft Visual Studio Solution File, Format Version 12.00
# Visual Studio Version 17
VisualStudioVersion = 17.9.34622.214
MinimumVisualStudioVersion = 10.0.40219.1
Project("{FAE04EC0-301F-11D3-BF4B-00C04F79EFBC}") = "Drinks API", "Drinks API\Drinks API.csproj", "{B170EE57-5223-4EC9-B7BF-C0DDC8E59FDC}"
EndProject
Global
	GlobalSection(SolutionConfigurationPlatforms) = preSolution
		Debug|Any CPU = Debug|Any CPU
		Release|Any CPU = Release|Any CPU
	EndGlobalSection
	GlobalSection(ProjectConfigurationPlatforms) = postSolution
		{B170EE57-5223-4EC9-B7BF-C0DDC8E59FDC}.Debug|Any CPU.ActiveCfg = Debug|Any CPU
		{B170EE57-5223-4EC9-B7BF-C0DDC8E59FDC}.Debug|Any CPU.Build.0 = Debug|Any CPU
		{B170EE57-5223-4EC9-B7BF-C0DDC8E59FDC}.Release|Any CPU.ActiveCfg = Release|Any CPU
		{B170EE57-5223-4EC9-B7BF-C0DDC8E59FDC}.Release|Any CPU.Build.0 = Release|Any CPU
	EndGlobalSection
	GlobalSection(SolutionProperties) = preSolution
		HideSolutionNode = FALSE
	EndGlobalSection
	GlobalSection(ExtensibilityGlobals) = postSolution
		SolutionGuid = {37208415-14D0-4A5F-9BC3-41278E335092}
	EndGlobalSection
EndGlobal
